
Microsoft Visual Studio Solution File, Format Version 12.00
# Visual Studio Version 16
VisualStudioVersion = 16.0.30621.155
MinimumVisualStudioVersion = 10.0.40219.1
Project("{888888A0-9F3D-457C-B088-3A5042F75D52}") = "first_map_maker.py", "first_map_maker.py\first_map_maker.py.pyproj", "{2A6B64F1-3B84-4D28-8470-EF89B56CD8DA}"
EndProject
Global
	GlobalSection(SolutionConfigurationPlatforms) = preSolution
		Debug|Any CPU = Debug|Any CPU
		Release|Any CPU = Release|Any CPU
	EndGlobalSection
	GlobalSection(ProjectConfigurationPlatforms) = postSolution
		{2A6B64F1-3B84-4D28-8470-EF89B56CD8DA}.Debug|Any CPU.ActiveCfg = Debug|Any CPU
		{2A6B64F1-3B84-4D28-8470-EF89B56CD8DA}.Release|Any CPU.ActiveCfg = Release|Any CPU
	EndGlobalSection
	GlobalSection(SolutionProperties) = preSolution
		HideSolutionNode = FALSE
	EndGlobalSection
	GlobalSection(ExtensibilityGlobals) = postSolution
		SolutionGuid = {5AACF1B2-A0C3-4B10-8D45-9A1DDC462EFE}
	EndGlobalSection
EndGlobal
